
Microsoft Visual Studio Solution File, Format Version 12.00
# Visual Studio Version 17
VisualStudioVersion = 17.6.33815.320
MinimumVisualStudioVersion = 10.0.40219.1
Project("{FAE04EC0-301F-11D3-BF4B-00C04F79EFBC}") = "Assign9", "Assign9\Assign9.csproj", "{1445A592-4DF1-4318-B284-33621C3A918A}"
EndProject
Global
	GlobalSection(SolutionConfigurationPlatforms) = preSolution
		Debug|Any CPU = Debug|Any CPU
		Release|Any CPU = Release|Any CPU
	EndGlobalSection
	GlobalSection(ProjectConfigurationPlatforms) = postSolution
		{1445A592-4DF1-4318-B284-33621C3A918A}.Debug|Any CPU.ActiveCfg = Debug|Any CPU
		{1445A592-4DF1-4318-B284-33621C3A918A}.Debug|Any CPU.Build.0 = Debug|Any CPU
		{1445A592-4DF1-4318-B284-33621C3A918A}.Release|Any CPU.ActiveCfg = Release|Any CPU
		{1445A592-4DF1-4318-B284-33621C3A918A}.Release|Any CPU.Build.0 = Release|Any CPU
	EndGlobalSection
	GlobalSection(SolutionProperties) = preSolution
		HideSolutionNode = FALSE
	EndGlobalSection
	GlobalSection(ExtensibilityGlobals) = postSolution
		SolutionGuid = {8835BDD5-3DE0-48EC-A650-CFE7416BB75F}
	EndGlobalSection
EndGlobal
